
Microsoft Visual Studio Solution File, Format Version 12.00
# Visual Studio Version 17
VisualStudioVersion = 17.2.32616.157
MinimumVisualStudioVersion = 10.0.40219.1
Project("{9A19103F-16F7-4668-BE54-9A1E7A4F7556}") = "Leetcode-solutions", "Leetcode-solutions\Leetcode-solutions.csproj", "{5FB341F8-D0CC-46CD-B1D9-2F008D4F490A}"
EndProject
Project("{9A19103F-16F7-4668-BE54-9A1E7A4F7556}") = "13-RomanToInteger", "13-RomanToInteger\13-RomanToInteger.csproj", "{8DC4A86F-2188-48F0-AA98-8EACF32DB0C7}"
EndProject
Project("{9A19103F-16F7-4668-BE54-9A1E7A4F7556}") = "12-IntegerToRoman", "12-IntegerToRoman\12-IntegerToRoman.csproj", "{76E6635A-3968-43A8-96BE-2A5CA9FA4539}"
EndProject
Project("{9A19103F-16F7-4668-BE54-9A1E7A4F7556}") = "234-PalindromeLinkedList", "234-PalindromeLinkedList\234-PalindromeLinkedList.csproj", "{AC848DAC-8A0D-4590-B9EB-9672E0549D2B}"
EndProject
Project("{9A19103F-16F7-4668-BE54-9A1E7A4F7556}") = "657-RobotReturnToOrigin", "657-RobotReturnToOrigin\657-RobotReturnToOrigin.csproj", "{D956A12B-D598-4631-978F-8A7CA6D9D0C2}"
EndProject
Project("{9A19103F-16F7-4668-BE54-9A1E7A4F7556}") = "383-RansomNote", "383-RansomNote\383-RansomNote.csproj", "{201B7089-A801-455B-B1A4-F3CAA19FDC44}"
EndProject
Project("{9A19103F-16F7-4668-BE54-9A1E7A4F7556}") = "412-FizzBuzz", "412-FizzBuzz\412-FizzBuzz.csproj", "{AB49D622-F6D6-4715-845A-D9850AAC55C2}"
EndProject
Project("{9A19103F-16F7-4668-BE54-9A1E7A4F7556}") = "1195-FizzBuzzMultithreaded", "1195-FizzBuzzMultithreaded\1195-FizzBuzzMultithreaded.csproj", "{24E74F5F-C3EA-44D8-B017-A3F15729DAFA}"
EndProject
Project("{9A19103F-16F7-4668-BE54-9A1E7A4F7556}") = "876-MiddleOfLinkedList", "876-MiddleOfLinkedList\876-MiddleOfLinkedList.csproj", "{AF6DFC5D-B59D-43DE-B3EE-1DF5332F768F}"
EndProject
Project("{9A19103F-16F7-4668-BE54-9A1E7A4F7556}") = "1337-TheKWeakestRowsInMatrix", "1337-TheKWeakestRowsInMatrix\1337-TheKWeakestRowsInMatrix.csproj", "{C57C28EC-D2D2-40D9-A235-2CABBBC06854}"
EndProject
Project("{9A19103F-16F7-4668-BE54-9A1E7A4F7556}") = "1584-MinCostToConnectAllPoints", "1584-MinCostToConnectAllPoints\1584-MinCostToConnectAllPoints.csproj", "{26972608-376B-4BA1-BAEB-38D66FC486F4}"
EndProject
Project("{9A19103F-16F7-4668-BE54-9A1E7A4F7556}") = "1342-NumberOfStepsToReduceNumberToZero", "1342-NumberOfStepsToReduceNumberToZero\1342-NumberOfStepsToReduceNumberToZero.csproj", "{7BCD739B-966A-4807-A8D8-D0E58F396665}"
EndProject
Project("{9A19103F-16F7-4668-BE54-9A1E7A4F7556}") = "1672-RichestCustomerWealth", "1672-RichestCustomerWealth\1672-RichestCustomerWealth.csproj", "{7EA21DB1-D549-46A2-BA32-D8A558E649BF}"
EndProject
Project("{9A19103F-16F7-4668-BE54-9A1E7A4F7556}") = "236-LowestCommonAncestorOfABinaryTree", "236-LowestCommonAncestorOfABinaryTree\236-LowestCommonAncestorOfABinaryTree.csproj", "{2EE9D051-FC15-4A8C-94D5-8F24A0C7AB03}"
EndProject
Project("{FAE04EC0-301F-11D3-BF4B-00C04F79EFBC}") = "1480-RunningSumOf1dArray", "1480-RunningSumOf1dArray\1480-RunningSumOf1dArray.csproj", "{0B655B10-48DF-4713-BADD-DEF727312AFB}"
EndProject
Project("{FAE04EC0-301F-11D3-BF4B-00C04F79EFBC}") = "724-FindPivotIndex", "724-FindPivotIndex\724-FindPivotIndex.csproj", "{2D6A4C89-3C32-4FFC-9512-DA8B2FCA96E1}"
EndProject
Project("{FAE04EC0-301F-11D3-BF4B-00C04F79EFBC}") = "202-HappyNumber", "202-HappyNumber\202-HappyNumber.csproj", "{6BA93CF8-1A67-4B66-8EF9-E40D383B9CE9}"
EndProject
Project("{FAE04EC0-301F-11D3-BF4B-00C04F79EFBC}") = "54-SpiralMatrix", "54-SpiralMatrix\54-SpiralMatrix.csproj", "{9EC7667B-C872-49DA-ADB7-F02C0413917A}"
EndProject
Project("{FAE04EC0-301F-11D3-BF4B-00C04F79EFBC}") = "472-ConcatenatedWords", "472-ConcatenatedWords\472-ConcatenatedWords.csproj", "{01CFFB91-662C-46C6-A8F7-323AC4EFC188}"
EndProject
Project("{FAE04EC0-301F-11D3-BF4B-00C04F79EFBC}") = "3-LongestSubstringWithoutRepeatingChars", "3-LongestSubstringWithoutRepeatingChars\3-LongestSubstringWithoutRepeatingChars.csproj", "{D2172B70-82AA-4471-ACE8-6D7E5B9553BC}"
EndProject
Project("{FAE04EC0-301F-11D3-BF4B-00C04F79EFBC}") = "97-InterleavingString", "97-InterleavingString\97-InterleavingString.csproj", "{DE7A5A85-1455-4116-B3F7-558F07D862FC}"
EndProject
Project("{FAE04EC0-301F-11D3-BF4B-00C04F79EFBC}") = "153-MinInRotatedSortedArray", "153-MinInRotatedSortedArray\153-MinInRotatedSortedArray.csproj", "{813D311D-4A91-4B61-8A07-10AF396FCB5C}"
EndProject
Global
	GlobalSection(SolutionConfigurationPlatforms) = preSolution
		Debug|Any CPU = Debug|Any CPU
		Release|Any CPU = Release|Any CPU
	EndGlobalSection
	GlobalSection(ProjectConfigurationPlatforms) = postSolution
		{5FB341F8-D0CC-46CD-B1D9-2F008D4F490A}.Debug|Any CPU.ActiveCfg = Debug|Any CPU
		{5FB341F8-D0CC-46CD-B1D9-2F008D4F490A}.Debug|Any CPU.Build.0 = Debug|Any CPU
		{5FB341F8-D0CC-46CD-B1D9-2F008D4F490A}.Release|Any CPU.ActiveCfg = Release|Any CPU
		{5FB341F8-D0CC-46CD-B1D9-2F008D4F490A}.Release|Any CPU.Build.0 = Release|Any CPU
		{8DC4A86F-2188-48F0-AA98-8EACF32DB0C7}.Debug|Any CPU.ActiveCfg = Debug|Any CPU
		{8DC4A86F-2188-48F0-AA98-8EACF32DB0C7}.Debug|Any CPU.Build.0 = Debug|Any CPU
		{8DC4A86F-2188-48F0-AA98-8EACF32DB0C7}.Release|Any CPU.ActiveCfg = Release|Any CPU
		{8DC4A86F-2188-48F0-AA98-8EACF32DB0C7}.Release|Any CPU.Build.0 = Release|Any CPU
		{76E6635A-3968-43A8-96BE-2A5CA9FA4539}.Debug|Any CPU.ActiveCfg = Debug|Any CPU
		{76E6635A-3968-43A8-96BE-2A5CA9FA4539}.Debug|Any CPU.Build.0 = Debug|Any CPU
		{76E6635A-3968-43A8-96BE-2A5CA9FA4539}.Release|Any CPU.ActiveCfg = Release|Any CPU
		{76E6635A-3968-43A8-96BE-2A5CA9FA4539}.Release|Any CPU.Build.0 = Release|Any CPU
		{AC848DAC-8A0D-4590-B9EB-9672E0549D2B}.Debug|Any CPU.ActiveCfg = Debug|Any CPU
		{AC848DAC-8A0D-4590-B9EB-9672E0549D2B}.Debug|Any CPU.Build.0 = Debug|Any CPU
		{AC848DAC-8A0D-4590-B9EB-9672E0549D2B}.Release|Any CPU.ActiveCfg = Release|Any CPU
		{AC848DAC-8A0D-4590-B9EB-9672E0549D2B}.Release|Any CPU.Build.0 = Release|Any CPU
		{D956A12B-D598-4631-978F-8A7CA6D9D0C2}.Debug|Any CPU.ActiveCfg = Debug|Any CPU
		{D956A12B-D598-4631-978F-8A7CA6D9D0C2}.Debug|Any CPU.Build.0 = Debug|Any CPU
		{D956A12B-D598-4631-978F-8A7CA6D9D0C2}.Release|Any CPU.ActiveCfg = Release|Any CPU
		{D956A12B-D598-4631-978F-8A7CA6D9D0C2}.Release|Any CPU.Build.0 = Release|Any CPU
		{201B7089-A801-455B-B1A4-F3CAA19FDC44}.Debug|Any CPU.ActiveCfg = Debug|Any CPU
		{201B7089-A801-455B-B1A4-F3CAA19FDC44}.Debug|Any CPU.Build.0 = Debug|Any CPU
		{201B7089-A801-455B-B1A4-F3CAA19FDC44}.Release|Any CPU.ActiveCfg = Release|Any CPU
		{201B7089-A801-455B-B1A4-F3CAA19FDC44}.Release|Any CPU.Build.0 = Release|Any CPU
		{AB49D622-F6D6-4715-845A-D9850AAC55C2}.Debug|Any CPU.ActiveCfg = Debug|Any CPU
		{AB49D622-F6D6-4715-845A-D9850AAC55C2}.Debug|Any CPU.Build.0 = Debug|Any CPU
		{AB49D622-F6D6-4715-845A-D9850AAC55C2}.Release|Any CPU.ActiveCfg = Release|Any CPU
		{AB49D622-F6D6-4715-845A-D9850AAC55C2}.Release|Any CPU.Build.0 = Release|Any CPU
		{24E74F5F-C3EA-44D8-B017-A3F15729DAFA}.Debug|Any CPU.ActiveCfg = Debug|Any CPU
		{24E74F5F-C3EA-44D8-B017-A3F15729DAFA}.Debug|Any CPU.Build.0 = Debug|Any CPU
		{24E74F5F-C3EA-44D8-B017-A3F15729DAFA}.Release|Any CPU.ActiveCfg = Release|Any CPU
		{24E74F5F-C3EA-44D8-B017-A3F15729DAFA}.Release|Any CPU.Build.0 = Release|Any CPU
		{AF6DFC5D-B59D-43DE-B3EE-1DF5332F768F}.Debug|Any CPU.ActiveCfg = Debug|Any CPU
		{AF6DFC5D-B59D-43DE-B3EE-1DF5332F768F}.Debug|Any CPU.Build.0 = Debug|Any CPU
		{AF6DFC5D-B59D-43DE-B3EE-1DF5332F768F}.Release|Any CPU.ActiveCfg = Release|Any CPU
		{AF6DFC5D-B59D-43DE-B3EE-1DF5332F768F}.Release|Any CPU.Build.0 = Release|Any CPU
		{C57C28EC-D2D2-40D9-A235-2CABBBC06854}.Debug|Any CPU.ActiveCfg = Debug|Any CPU
		{C57C28EC-D2D2-40D9-A235-2CABBBC06854}.Debug|Any CPU.Build.0 = Debug|Any CPU
		{C57C28EC-D2D2-40D9-A235-2CABBBC06854}.Release|Any CPU.ActiveCfg = Release|Any CPU
		{C57C28EC-D2D2-40D9-A235-2CABBBC06854}.Release|Any CPU.Build.0 = Release|Any CPU
		{26972608-376B-4BA1-BAEB-38D66FC486F4}.Debug|Any CPU.ActiveCfg = Debug|Any CPU
		{26972608-376B-4BA1-BAEB-38D66FC486F4}.Debug|Any CPU.Build.0 = Debug|Any CPU
		{26972608-376B-4BA1-BAEB-38D66FC486F4}.Release|Any CPU.ActiveCfg = Release|Any CPU
		{26972608-376B-4BA1-BAEB-38D66FC486F4}.Release|Any CPU.Build.0 = Release|Any CPU
		{7BCD739B-966A-4807-A8D8-D0E58F396665}.Debug|Any CPU.ActiveCfg = Debug|Any CPU
		{7BCD739B-966A-4807-A8D8-D0E58F396665}.Debug|Any CPU.Build.0 = Debug|Any CPU
		{7BCD739B-966A-4807-A8D8-D0E58F396665}.Release|Any CPU.ActiveCfg = Release|Any CPU
		{7BCD739B-966A-4807-A8D8-D0E58F396665}.Release|Any CPU.Build.0 = Release|Any CPU
		{7EA21DB1-D549-46A2-BA32-D8A558E649BF}.Debug|Any CPU.ActiveCfg = Debug|Any CPU
		{7EA21DB1-D549-46A2-BA32-D8A558E649BF}.Debug|Any CPU.Build.0 = Debug|Any CPU
		{7EA21DB1-D549-46A2-BA32-D8A558E649BF}.Release|Any CPU.ActiveCfg = Release|Any CPU
		{7EA21DB1-D549-46A2-BA32-D8A558E649BF}.Release|Any CPU.Build.0 = Release|Any CPU
		{2EE9D051-FC15-4A8C-94D5-8F24A0C7AB03}.Debug|Any CPU.ActiveCfg = Debug|Any CPU
		{2EE9D051-FC15-4A8C-94D5-8F24A0C7AB03}.Debug|Any CPU.Build.0 = Debug|Any CPU
		{2EE9D051-FC15-4A8C-94D5-8F24A0C7AB03}.Release|Any CPU.ActiveCfg = Release|Any CPU
		{2EE9D051-FC15-4A8C-94D5-8F24A0C7AB03}.Release|Any CPU.Build.0 = Release|Any CPU
		{0B655B10-48DF-4713-BADD-DEF727312AFB}.Debug|Any CPU.ActiveCfg = Debug|Any CPU
		{0B655B10-48DF-4713-BADD-DEF727312AFB}.Debug|Any CPU.Build.0 = Debug|Any CPU
		{0B655B10-48DF-4713-BADD-DEF727312AFB}.Release|Any CPU.ActiveCfg = Release|Any CPU
		{0B655B10-48DF-4713-BADD-DEF727312AFB}.Release|Any CPU.Build.0 = Release|Any CPU
		{2D6A4C89-3C32-4FFC-9512-DA8B2FCA96E1}.Debug|Any CPU.ActiveCfg = Debug|Any CPU
		{2D6A4C89-3C32-4FFC-9512-DA8B2FCA96E1}.Debug|Any CPU.Build.0 = Debug|Any CPU
		{2D6A4C89-3C32-4FFC-9512-DA8B2FCA96E1}.Release|Any CPU.ActiveCfg = Release|Any CPU
		{2D6A4C89-3C32-4FFC-9512-DA8B2FCA96E1}.Release|Any CPU.Build.0 = Release|Any CPU
		{6BA93CF8-1A67-4B66-8EF9-E40D383B9CE9}.Debug|Any CPU.ActiveCfg = Debug|Any CPU
		{6BA93CF8-1A67-4B66-8EF9-E40D383B9CE9}.Debug|Any CPU.Build.0 = Debug|Any CPU
		{6BA93CF8-1A67-4B66-8EF9-E40D383B9CE9}.Release|Any CPU.ActiveCfg = Release|Any CPU
		{6BA93CF8-1A67-4B66-8EF9-E40D383B9CE9}.Release|Any CPU.Build.0 = Release|Any CPU
		{9EC7667B-C872-49DA-ADB7-F02C0413917A}.Debug|Any CPU.ActiveCfg = Debug|Any CPU
		{9EC7667B-C872-49DA-ADB7-F02C0413917A}.Debug|Any CPU.Build.0 = Debug|Any CPU
		{9EC7667B-C872-49DA-ADB7-F02C0413917A}.Release|Any CPU.ActiveCfg = Release|Any CPU
		{9EC7667B-C872-49DA-ADB7-F02C0413917A}.Release|Any CPU.Build.0 = Release|Any CPU
		{01CFFB91-662C-46C6-A8F7-323AC4EFC188}.Debug|Any CPU.ActiveCfg = Debug|Any CPU
		{01CFFB91-662C-46C6-A8F7-323AC4EFC188}.Debug|Any CPU.Build.0 = Debug|Any CPU
		{01CFFB91-662C-46C6-A8F7-323AC4EFC188}.Release|Any CPU.ActiveCfg = Release|Any CPU
		{01CFFB91-662C-46C6-A8F7-323AC4EFC188}.Release|Any CPU.Build.0 = Release|Any CPU
		{D2172B70-82AA-4471-ACE8-6D7E5B9553BC}.Debug|Any CPU.ActiveCfg = Debug|Any CPU
		{D2172B70-82AA-4471-ACE8-6D7E5B9553BC}.Debug|Any CPU.Build.0 = Debug|Any CPU
		{D2172B70-82AA-4471-ACE8-6D7E5B9553BC}.Release|Any CPU.ActiveCfg = Release|Any CPU
		{D2172B70-82AA-4471-ACE8-6D7E5B9553BC}.Release|Any CPU.Build.0 = Release|Any CPU
		{DE7A5A85-1455-4116-B3F7-558F07D862FC}.Debug|Any CPU.ActiveCfg = Debug|Any CPU
		{DE7A5A85-1455-4116-B3F7-558F07D862FC}.Debug|Any CPU.Build.0 = Debug|Any CPU
		{DE7A5A85-1455-4116-B3F7-558F07D862FC}.Release|Any CPU.ActiveCfg = Release|Any CPU
		{DE7A5A85-1455-4116-B3F7-558F07D862FC}.Release|Any CPU.Build.0 = Release|Any CPU
		{813D311D-4A91-4B61-8A07-10AF396FCB5C}.Debug|Any CPU.ActiveCfg = Debug|Any CPU
		{813D311D-4A91-4B61-8A07-10AF396FCB5C}.Debug|Any CPU.Build.0 = Debug|Any CPU
		{813D311D-4A91-4B61-8A07-10AF396FCB5C}.Release|Any CPU.ActiveCfg = Release|Any CPU
		{813D311D-4A91-4B61-8A07-10AF396FCB5C}.Release|Any CPU.Build.0 = Release|Any CPU
	EndGlobalSection
	GlobalSection(SolutionProperties) = preSolution
		HideSolutionNode = FALSE
	EndGlobalSection
	GlobalSection(ExtensibilityGlobals) = postSolution
		SolutionGuid = {36CF5AE3-06EF-4B24-B394-DF0C96AEA509}
	EndGlobalSection
EndGlobal
