
Microsoft Visual Studio Solution File, Format Version 12.00
# Visual Studio Version 17
VisualStudioVersion = 17.2.32616.157
MinimumVisualStudioVersion = 10.0.40219.1
Project("{9A19103F-16F7-4668-BE54-9A1E7A4F7556}") = "Leetcode-solutions", "Leetcode-solutions\Leetcode-solutions.csproj", "{5FB341F8-D0CC-46CD-B1D9-2F008D4F490A}"
EndProject
Project("{9A19103F-16F7-4668-BE54-9A1E7A4F7556}") = "13-RomanToInteger", "13-RomanToInteger\13-RomanToInteger.csproj", "{8DC4A86F-2188-48F0-AA98-8EACF32DB0C7}"
EndProject
Project("{9A19103F-16F7-4668-BE54-9A1E7A4F7556}") = "12-IntegerToRoman", "12-IntegerToRoman\12-IntegerToRoman.csproj", "{76E6635A-3968-43A8-96BE-2A5CA9FA4539}"
EndProject
Project("{9A19103F-16F7-4668-BE54-9A1E7A4F7556}") = "234-PalindromeLinkedList", "234-PalindromeLinkedList\234-PalindromeLinkedList.csproj", "{AC848DAC-8A0D-4590-B9EB-9672E0549D2B}"
EndProject
Project("{9A19103F-16F7-4668-BE54-9A1E7A4F7556}") = "657-RobotReturnToOrigin", "657-RobotReturnToOrigin\657-RobotReturnToOrigin.csproj", "{D956A12B-D598-4631-978F-8A7CA6D9D0C2}"
EndProject
Project("{FAE04EC0-301F-11D3-BF4B-00C04F79EFBC}") = "383-RansomNote", "383-RansomNote\383-RansomNote.csproj", "{201B7089-A801-455B-B1A4-F3CAA19FDC44}"
EndProject
Project("{FAE04EC0-301F-11D3-BF4B-00C04F79EFBC}") = "412-FizzBuzz", "412-FizzBuzz\412-FizzBuzz.csproj", "{AB49D622-F6D6-4715-845A-D9850AAC55C2}"
EndProject
Global
	GlobalSection(SolutionConfigurationPlatforms) = preSolution
		Debug|Any CPU = Debug|Any CPU
		Release|Any CPU = Release|Any CPU
	EndGlobalSection
	GlobalSection(ProjectConfigurationPlatforms) = postSolution
		{5FB341F8-D0CC-46CD-B1D9-2F008D4F490A}.Debug|Any CPU.ActiveCfg = Debug|Any CPU
		{5FB341F8-D0CC-46CD-B1D9-2F008D4F490A}.Debug|Any CPU.Build.0 = Debug|Any CPU
		{5FB341F8-D0CC-46CD-B1D9-2F008D4F490A}.Release|Any CPU.ActiveCfg = Release|Any CPU
		{5FB341F8-D0CC-46CD-B1D9-2F008D4F490A}.Release|Any CPU.Build.0 = Release|Any CPU
		{8DC4A86F-2188-48F0-AA98-8EACF32DB0C7}.Debug|Any CPU.ActiveCfg = Debug|Any CPU
		{8DC4A86F-2188-48F0-AA98-8EACF32DB0C7}.Debug|Any CPU.Build.0 = Debug|Any CPU
		{8DC4A86F-2188-48F0-AA98-8EACF32DB0C7}.Release|Any CPU.ActiveCfg = Release|Any CPU
		{8DC4A86F-2188-48F0-AA98-8EACF32DB0C7}.Release|Any CPU.Build.0 = Release|Any CPU
		{76E6635A-3968-43A8-96BE-2A5CA9FA4539}.Debug|Any CPU.ActiveCfg = Debug|Any CPU
		{76E6635A-3968-43A8-96BE-2A5CA9FA4539}.Debug|Any CPU.Build.0 = Debug|Any CPU
		{76E6635A-3968-43A8-96BE-2A5CA9FA4539}.Release|Any CPU.ActiveCfg = Release|Any CPU
		{76E6635A-3968-43A8-96BE-2A5CA9FA4539}.Release|Any CPU.Build.0 = Release|Any CPU
		{AC848DAC-8A0D-4590-B9EB-9672E0549D2B}.Debug|Any CPU.ActiveCfg = Debug|Any CPU
		{AC848DAC-8A0D-4590-B9EB-9672E0549D2B}.Debug|Any CPU.Build.0 = Debug|Any CPU
		{AC848DAC-8A0D-4590-B9EB-9672E0549D2B}.Release|Any CPU.ActiveCfg = Release|Any CPU
		{AC848DAC-8A0D-4590-B9EB-9672E0549D2B}.Release|Any CPU.Build.0 = Release|Any CPU
		{D956A12B-D598-4631-978F-8A7CA6D9D0C2}.Debug|Any CPU.ActiveCfg = Debug|Any CPU
		{D956A12B-D598-4631-978F-8A7CA6D9D0C2}.Debug|Any CPU.Build.0 = Debug|Any CPU
		{D956A12B-D598-4631-978F-8A7CA6D9D0C2}.Release|Any CPU.ActiveCfg = Release|Any CPU
		{D956A12B-D598-4631-978F-8A7CA6D9D0C2}.Release|Any CPU.Build.0 = Release|Any CPU
		{201B7089-A801-455B-B1A4-F3CAA19FDC44}.Debug|Any CPU.ActiveCfg = Debug|Any CPU
		{201B7089-A801-455B-B1A4-F3CAA19FDC44}.Debug|Any CPU.Build.0 = Debug|Any CPU
		{201B7089-A801-455B-B1A4-F3CAA19FDC44}.Release|Any CPU.ActiveCfg = Release|Any CPU
		{201B7089-A801-455B-B1A4-F3CAA19FDC44}.Release|Any CPU.Build.0 = Release|Any CPU
		{AB49D622-F6D6-4715-845A-D9850AAC55C2}.Debug|Any CPU.ActiveCfg = Debug|Any CPU
		{AB49D622-F6D6-4715-845A-D9850AAC55C2}.Debug|Any CPU.Build.0 = Debug|Any CPU
		{AB49D622-F6D6-4715-845A-D9850AAC55C2}.Release|Any CPU.ActiveCfg = Release|Any CPU
		{AB49D622-F6D6-4715-845A-D9850AAC55C2}.Release|Any CPU.Build.0 = Release|Any CPU
	EndGlobalSection
	GlobalSection(SolutionProperties) = preSolution
		HideSolutionNode = FALSE
	EndGlobalSection
	GlobalSection(ExtensibilityGlobals) = postSolution
		SolutionGuid = {36CF5AE3-06EF-4B24-B394-DF0C96AEA509}
	EndGlobalSection
EndGlobal
